// !$*UTF8*$!
{
	archiveVersion = 1;
	classes = {
	};
	objectVersion = 50;
	objects = {

/* Begin PBXBuildFile section */
		D502729626FD814A002DFFEF /* AppDelegate.swift in Sources */ = {isa = PBXBuildFile; fileRef = D502729526FD814A002DFFEF /* AppDelegate.swift */; };
		D502729826FD814A002DFFEF /* SceneDelegate.swift in Sources */ = {isa = PBXBuildFile; fileRef = D502729726FD814A002DFFEF /* SceneDelegate.swift */; };
		D502729A26FD814A002DFFEF /* ViewController.swift in Sources */ = {isa = PBXBuildFile; fileRef = D502729926FD814A002DFFEF /* ViewController.swift */; };
		D502729D26FD814A002DFFEF /* Main.storyboard in Resources */ = {isa = PBXBuildFile; fileRef = D502729B26FD814A002DFFEF /* Main.storyboard */; };
		D502729F26FD8150002DFFEF /* Assets.xcassets in Resources */ = {isa = PBXBuildFile; fileRef = D502729E26FD8150002DFFEF /* Assets.xcassets */; };
		D50272A226FD8150002DFFEF /* LaunchScreen.storyboard in Resources */ = {isa = PBXBuildFile; fileRef = D50272A026FD8150002DFFEF /* LaunchScreen.storyboard */; };
/* End PBXBuildFile section */

/* Begin PBXFileReference section */
		D502729226FD814A002DFFEF /* BipTheGuy.app */ = {isa = PBXFileReference; explicitFileType = wrapper.application; includeInIndex = 0; path = BipTheGuy.app; sourceTree = BUILT_PRODUCTS_DIR; };
		D502729526FD814A002DFFEF /* AppDelegate.swift */ = {isa = PBXFileReference; lastKnownFileType = sourcecode.swift; path = AppDelegate.swift; sourceTree = "<group>"; };
		D502729726FD814A002DFFEF /* SceneDelegate.swift */ = {isa = PBXFileReference; lastKnownFileType = sourcecode.swift; path = SceneDelegate.swift; sourceTree = "<group>"; };
		D502729926FD814A002DFFEF /* ViewController.swift */ = {isa = PBXFileReference; lastKnownFileType = sourcecode.swift; path = ViewController.swift; sourceTree = "<group>"; };
		D502729C26FD814A002DFFEF /* Base */ = {isa = PBXFileReference; lastKnownFileType = file.storyboard; name = Base; path = Base.lproj/Main.storyboard; sourceTree = "<group>"; };
		D502729E26FD8150002DFFEF /* Assets.xcassets */ = {isa = PBXFileReference; lastKnownFileType = folder.assetcatalog; path = Assets.xcassets; sourceTree = "<group>"; };
		D50272A126FD8150002DFFEF /* Base */ = {isa = PBXFileReference; lastKnownFileType = file.storyboard; name = Base; path = Base.lproj/LaunchScreen.storyboard; sourceTree = "<group>"; };
		D50272A326FD8150002DFFEF /* Info.plist */ = {isa = PBXFileReference; lastKnownFileType = text.plist.xml; path = Info.plist; sourceTree = "<group>"; };
/* End PBXFileReference section */

/* Begin PBXFrameworksBuildPhase section */
		D502728F26FD814A002DFFEF /* Frameworks */ = {
			isa = PBXFrameworksBuildPhase;
			buildActionMask = 2147483647;
			files = (
			);
			runOnlyForDeploymentPostprocessing = 0;
		};
/* End PBXFrameworksBuildPhase section */

/* Begin PBXGroup section */
		D502728926FD814A002DFFEF = {
			isa = PBXGroup;
			children = (
				D502729426FD814A002DFFEF /* BipTheGuy */,
				D502729326FD814A002DFFEF /* Products */,
			);
			sourceTree = "<group>";
		};
		D502729326FD814A002DFFEF /* Products */ = {
			isa = PBXGroup;
			children = (
				D502729226FD814A002DFFEF /* BipTheGuy.app */,
			);
			name = Products;
			sourceTree = "<group>";
		};
		D502729426FD814A002DFFEF /* BipTheGuy */ = {
			isa = PBXGroup;
			children = (
				D502729526FD814A002DFFEF /* AppDelegate.swift */,
				D502729726FD814A002DFFEF /* SceneDelegate.swift */,
				D502729926FD814A002DFFEF /* ViewController.swift */,
				D502729B26FD814A002DFFEF /* Main.storyboard */,
				D502729E26FD8150002DFFEF /* Assets.xcassets */,
				D50272A026FD8150002DFFEF /* LaunchScreen.storyboard */,
				D50272A326FD8150002DFFEF /* Info.plist */,
			);
			path = BipTheGuy;
			sourceTree = "<group>";
		};
/* End PBXGroup section */

/* Begin PBXNativeTarget section */
		D502729126FD814A002DFFEF /* BipTheGuy */ = {
			isa = PBXNativeTarget;
			buildConfigurationList = D50272A626FD8150002DFFEF /* Build configuration list for PBXNativeTarget "BipTheGuy" */;
			buildPhases = (
				D502728E26FD814A002DFFEF /* Sources */,
				D502728F26FD814A002DFFEF /* Frameworks */,
				D502729026FD814A002DFFEF /* Resources */,
			);
			buildRules = (
			);
			dependencies = (
			);
			name = BipTheGuy;
			productName = BipTheGuy;
			productReference = D502729226FD814A002DFFEF /* BipTheGuy.app */;
			productType = "com.apple.product-type.application";
		};
/* End PBXNativeTarget section */

/* Begin PBXProject section */
		D502728A26FD814A002DFFEF /* Project object */ = {
			isa = PBXProject;
			attributes = {
				LastSwiftUpdateCheck = 1170;
				LastUpgradeCheck = 1170;
				ORGANIZATIONNAME = "Rosenthal, Blake Alexander";
				TargetAttributes = {
					D502729126FD814A002DFFEF = {
						CreatedOnToolsVersion = 11.7;
					};
				};
			};
			buildConfigurationList = D502728D26FD814A002DFFEF /* Build configuration list for PBXProject "BipTheGuy" */;
			compatibilityVersion = "Xcode 9.3";
			developmentRegion = en;
			hasScannedForEncodings = 0;
			knownRegions = (
				en,
				Base,
			);
			mainGroup = D502728926FD814A002DFFEF;
			productRefGroup = D502729326FD814A002DFFEF /* Products */;
			projectDirPath = "";
			projectRoot = "";
			targets = (
				D502729126FD814A002DFFEF /* BipTheGuy */,
			);
		};
/* End PBXProject section */

/* Begin PBXResourcesBuildPhase section */
		D502729026FD814A002DFFEF /* Resources */ = {
			isa = PBXResourcesBuildPhase;
			buildActionMask = 2147483647;
			files = (
				D50272A226FD8150002DFFEF /* LaunchScreen.storyboard in Resources */,
				D502729F26FD8150002DFFEF /* Assets.xcassets in Resources */,
				D502729D26FD814A002DFFEF /* Main.storyboard in Resources */,
			);
			runOnlyForDeploymentPostprocessing = 0;
		};
/* End PBXResourcesBuildPhase section */

/* Begin PBXSourcesBuildPhase section */
		D502728E26FD814A002DFFEF /* Sources */ = {
			isa = PBXSourcesBuildPhase;
			buildActionMask = 2147483647;
			files = (
				D502729A26FD814A002DFFEF /* ViewController.swift in Sources */,
				D502729626FD814A002DFFEF /* AppDelegate.swift in Sources */,
				D502729826FD814A002DFFEF /* SceneDelegate.swift in Sources */,
			);
			runOnlyForDeploymentPostprocessing = 0;
		};
/* End PBXSourcesBuildPhase section */

/* Begin PBXVariantGroup section */
		D502729B26FD814A002DFFEF /* Main.storyboard */ = {
			isa = PBXVariantGroup;
			children = (
				D502729C26FD814A002DFFEF /* Base */,
			);
			name = Main.storyboard;
			sourceTree = "<group>";
		};
		D50272A026FD8150002DFFEF /* LaunchScreen.storyboard */ = {
			isa = PBXVariantGroup;
			children = (
				D50272A126FD8150002DFFEF /* Base */,
			);
			name = LaunchScreen.storyboard;
			sourceTree = "<group>";
		};
/* End PBXVariantGroup section */

/* Begin XCBuildConfiguration section */
		D50272A426FD8150002DFFEF /* Debug */ = {
			isa = XCBuildConfiguration;
			buildSettings = {
				ALWAYS_SEARCH_USER_PATHS = NO;
				CLANG_ANALYZER_NONNULL = YES;
				CLANG_ANALYZER_NUMBER_OBJECT_CONVERSION = YES_AGGRESSIVE;
				CLANG_CXX_LANGUAGE_STANDARD = "gnu++14";
				CLANG_CXX_LIBRARY = "libc++";
				CLANG_ENABLE_MODULES = YES;
				CLANG_ENABLE_OBJC_ARC = YES;
				CLANG_ENABLE_OBJC_WEAK = YES;
				CLANG_WARN_BLOCK_CAPTURE_AUTORELEASING = YES;
				CLANG_WARN_BOOL_CONVERSION = YES;
				CLANG_WARN_COMMA = YES;
				CLANG_WARN_CONSTANT_CONVERSION = YES;
				CLANG_WARN_DEPRECATED_OBJC_IMPLEMENTATIONS = YES;
				CLANG_WARN_DIRECT_OBJC_ISA_USAGE = YES_ERROR;
				CLANG_WARN_DOCUMENTATION_COMMENTS = YES;
				CLANG_WARN_EMPTY_BODY = YES;
				CLANG_WARN_ENUM_CONVERSION = YES;
				CLANG_WARN_INFINITE_RECURSION = YES;
				CLANG_WARN_INT_CONVERSION = YES;
				CLANG_WARN_NON_LITERAL_NULL_CONVERSION = YES;
				CLANG_WARN_OBJC_IMPLICIT_RETAIN_SELF = YES;
				CLANG_WARN_OBJC_LITERAL_CONVERSION = YES;
				CLANG_WARN_OBJC_ROOT_CLASS = YES_ERROR;
				CLANG_WARN_RANGE_LOOP_ANALYSIS = YES;
				CLANG_WARN_STRICT_PROTOTYPES = YES;
				CLANG_WARN_SUSPICIOUS_MOVE = YES;
				CLANG_WARN_UNGUARDED_AVAILABILITY = YES_AGGRESSIVE;
				CLANG_WARN_UNREACHABLE_CODE = YES;
				CLANG_WARN__DUPLICATE_METHOD_MATCH = YES;
				COPY_PHASE_STRIP = NO;
				DEBUG_INFORMATION_FORMAT = dwarf;
				ENABLE_STRICT_OBJC_MSGSEND = YES;
				ENABLE_TESTABILITY = YES;
				GCC_C_LANGUAGE_STANDARD = gnu11;
				GCC_DYNAMIC_NO_PIC = NO;
				GCC_NO_COMMON_BLOCKS = YES;
				GCC_OPTIMIZATION_LEVEL = 0;
				GCC_PREPROCESSOR_DEFINITIONS = (
					"DEBUG=1",
					"$(inherited)",
				);
				GCC_WARN_64_TO_32_BIT_CONVERSION = YES;
				GCC_WARN_ABOUT_RETURN_TYPE = YES_ERROR;
				GCC_WARN_UNDECLARED_SELECTOR = YES;
				GCC_WARN_UNINITIALIZED_AUTOS = YES_AGGRESSIVE;
				GCC_WARN_UNUSED_FUNCTION = YES;
				GCC_WARN_UNUSED_VARIABLE = YES;
				IPHONEOS_DEPLOYMENT_TARGET = 13.7;
				MTL_ENABLE_DEBUG_INFO = INCLUDE_SOURCE;
				MTL_FAST_MATH = YES;
				ONLY_ACTIVE_ARCH = YES;
				SDKROOT = iphoneos;
				SWIFT_ACTIVE_COMPILATION_CONDITIONS = DEBUG;
				SWIFT_OPTIMIZATION_LEVEL = "-Onone";
			};
			name = Debug;
		};
		D50272A526FD8150002DFFEF /* Release */ = {
			isa = XCBuildConfiguration;
			buildSettings = {
				ALWAYS_SEARCH_USER_PATHS = NO;
				CLANG_ANALYZER_NONNULL = YES;
				CLANG_ANALYZER_NUMBER_OBJECT_CONVERSION = YES_AGGRESSIVE;
				CLANG_CXX_LANGUAGE_STANDARD = "gnu++14";
				CLANG_CXX_LIBRARY = "libc++";
				CLANG_ENABLE_MODULES = YES;
				CLANG_ENABLE_OBJC_ARC = YES;
				CLANG_ENABLE_OBJC_WEAK = YES;
				CLANG_WARN_BLOCK_CAPTURE_AUTORELEASING = YES;
				CLANG_WARN_BOOL_CONVERSION = YES;
				CLANG_WARN_COMMA = YES;
				CLANG_WARN_CONSTANT_CONVERSION = YES;
				CLANG_WARN_DEPRECATED_OBJC_IMPLEMENTATIONS = YES;
				CLANG_WARN_DIRECT_OBJC_ISA_USAGE = YES_ERROR;
				CLANG_WARN_DOCUMENTATION_COMMENTS = YES;
				CLANG_WARN_EMPTY_BODY = YES;
				CLANG_WARN_ENUM_CONVERSION = YES;
				CLANG_WARN_INFINITE_RECURSION = YES;
				CLANG_WARN_INT_CONVERSION = YES;
				CLANG_WARN_NON_LITERAL_NULL_CONVERSION = YES;
				CLANG_WARN_OBJC_IMPLICIT_RETAIN_SELF = YES;
				CLANG_WARN_OBJC_LITERAL_CONVERSION = YES;
				CLANG_WARN_OBJC_ROOT_CLASS = YES_ERROR;
				CLANG_WARN_RANGE_LOOP_ANALYSIS = YES;
				CLANG_WARN_STRICT_PROTOTYPES = YES;
				CLANG_WARN_SUSPICIOUS_MOVE = YES;
				CLANG_WARN_UNGUARDED_AVAILABILITY = YES_AGGRESSIVE;
				CLANG_WARN_UNREACHABLE_CODE = YES;
				CLANG_WARN__DUPLICATE_METHOD_MATCH = YES;
				COPY_PHASE_STRIP = NO;
				DEBUG_INFORMATION_FORMAT = "dwarf-with-dsym";
				ENABLE_NS_ASSERTIONS = NO;
				ENABLE_STRICT_OBJC_MSGSEND = YES;
				GCC_C_LANGUAGE_STANDARD = gnu11;
				GCC_NO_COMMON_BLOCKS = YES;
				GCC_WARN_64_TO_32_BIT_CONVERSION = YES;
				GCC_WARN_ABOUT_RETURN_TYPE = YES_ERROR;
				GCC_WARN_UNDECLARED_SELECTOR = YES;
				GCC_WARN_UNINITIALIZED_AUTOS = YES_AGGRESSIVE;
				GCC_WARN_UNUSED_FUNCTION = YES;
				GCC_WARN_UNUSED_VARIABLE = YES;
				IPHONEOS_DEPLOYMENT_TARGET = 13.7;
				MTL_ENABLE_DEBUG_INFO = NO;
				MTL_FAST_MATH = YES;
				SDKROOT = iphoneos;
				SWIFT_COMPILATION_MODE = wholemodule;
				SWIFT_OPTIMIZATION_LEVEL = "-O";
				VALIDATE_PRODUCT = YES;
			};
			name = Release;
		};
		D50272A726FD8150002DFFEF /* Debug */ = {
			isa = XCBuildConfiguration;
			buildSettings = {
				ASSETCATALOG_COMPILER_APPICON_NAME = AppIcon;
				CODE_SIGN_STYLE = Automatic;
				INFOPLIST_FILE = BipTheGuy/Info.plist;
				LD_RUNPATH_SEARCH_PATHS = (
					"$(inherited)",
					"@executable_path/Frameworks",
				);
				PRODUCT_BUNDLE_IDENTIFIER = com.rosenthal.BipTheGuy;
				PRODUCT_NAME = "$(TARGET_NAME)";
				SWIFT_VERSION = 5.0;
				TARGETED_DEVICE_FAMILY = "1,2";
			};
			name = Debug;
		};
		D50272A826FD8150002DFFEF /* Release */ = {
			isa = XCBuildConfiguration;
			buildSettings = {
				ASSETCATALOG_COMPILER_APPICON_NAME = AppIcon;
				CODE_SIGN_STYLE = Automatic;
				INFOPLIST_FILE = BipTheGuy/Info.plist;
				LD_RUNPATH_SEARCH_PATHS = (
					"$(inherited)",
					"@executable_path/Frameworks",
				);
				PRODUCT_BUNDLE_IDENTIFIER = com.rosenthal.BipTheGuy;
				PRODUCT_NAME = "$(TARGET_NAME)";
				SWIFT_VERSION = 5.0;
				TARGETED_DEVICE_FAMILY = "1,2";
			};
			name = Release;
		};
/* End XCBuildConfiguration section */

/* Begin XCConfigurationList section */
		D502728D26FD814A002DFFEF /* Build configuration list for PBXProject "BipTheGuy" */ = {
			isa = XCConfigurationList;
			buildConfigurations = (
				D50272A426FD8150002DFFEF /* Debug */,
				D50272A526FD8150002DFFEF /* Release */,
			);
			defaultConfigurationIsVisible = 0;
			defaultConfigurationName = Release;
		};
		D50272A626FD8150002DFFEF /* Build configuration list for PBXNativeTarget "BipTheGuy" */ = {
			isa = XCConfigurationList;
			buildConfigurations = (
				D50272A726FD8150002DFFEF /* Debug */,
				D50272A826FD8150002DFFEF /* Release */,
			);
			defaultConfigurationIsVisible = 0;
			defaultConfigurationName = Release;
		};
/* End XCConfigurationList section */
	};
	rootObject = D502728A26FD814A002DFFEF /* Project object */;
}
